
Microsoft Visual Studio Solution File, Format Version 12.00
# Visual Studio Version 17
VisualStudioVersion = 17.8.34309.116
MinimumVisualStudioVersion = 10.0.40219.1
Project("{8BC9CEB8-8B4A-11D0-8D11-00A0C91BC942}") = "Practical 8", "Practical 8.vcxproj", "{AEAA610D-4AC3-4919-AEC2-F20DE96DB4D3}"
EndProject
Global
	GlobalSection(SolutionConfigurationPlatforms) = preSolution
		Debug|x64 = Debug|x64
		Debug|x86 = Debug|x86
		Release|x64 = Release|x64
		Release|x86 = Release|x86
	EndGlobalSection
	GlobalSection(ProjectConfigurationPlatforms) = postSolution
		{AEAA610D-4AC3-4919-AEC2-F20DE96DB4D3}.Debug|x64.ActiveCfg = Debug|x64
		{AEAA610D-4AC3-4919-AEC2-F20DE96DB4D3}.Debug|x64.Build.0 = Debug|x64
		{AEAA610D-4AC3-4919-AEC2-F20DE96DB4D3}.Debug|x86.ActiveCfg = Debug|Win32
		{AEAA610D-4AC3-4919-AEC2-F20DE96DB4D3}.Debug|x86.Build.0 = Debug|Win32
		{AEAA610D-4AC3-4919-AEC2-F20DE96DB4D3}.Release|x64.ActiveCfg = Release|x64
		{AEAA610D-4AC3-4919-AEC2-F20DE96DB4D3}.Release|x64.Build.0 = Release|x64
		{AEAA610D-4AC3-4919-AEC2-F20DE96DB4D3}.Release|x86.ActiveCfg = Release|Win32
		{AEAA610D-4AC3-4919-AEC2-F20DE96DB4D3}.Release|x86.Build.0 = Release|Win32
	EndGlobalSection
	GlobalSection(SolutionProperties) = preSolution
		HideSolutionNode = FALSE
	EndGlobalSection
	GlobalSection(ExtensibilityGlobals) = postSolution
		SolutionGuid = {C53BB016-2E98-42C9-945E-621CD4FABED5}
	EndGlobalSection
EndGlobal
